// !$*UTF8*$!
{
	archiveVersion = 1;
	classes = {
	};
	objectVersion = 51;
	objects = {

/* Begin PBXBuildFile section */
		1B364AD2CEFB52F860D448D9 /* Pods_DataEntrySampleTests.framework in Frameworks */ = {isa = PBXBuildFile; fileRef = B7A222A0ABA920F582CC55A3 /* Pods_DataEntrySampleTests.framework */; };
		2394D40EF39976B950FCB66A /* Pods_DataEntrySample.framework in Frameworks */ = {isa = PBXBuildFile; fileRef = AD138F43DCAC434D31D8D9FA /* Pods_DataEntrySample.framework */; };
		84B44839270D5C3C00B7A1B9 /* AppDelegate.swift in Sources */ = {isa = PBXBuildFile; fileRef = 84B44838270D5C3C00B7A1B9 /* AppDelegate.swift */; };
		84B4483B270D5C3C00B7A1B9 /* SceneDelegate.swift in Sources */ = {isa = PBXBuildFile; fileRef = 84B4483A270D5C3C00B7A1B9 /* SceneDelegate.swift */; };
		84B44840270D5C3C00B7A1B9 /* Main.storyboard in Resources */ = {isa = PBXBuildFile; fileRef = 84B4483E270D5C3C00B7A1B9 /* Main.storyboard */; };
		84B44842270D5C3E00B7A1B9 /* Assets.xcassets in Resources */ = {isa = PBXBuildFile; fileRef = 84B44841270D5C3E00B7A1B9 /* Assets.xcassets */; };
		84B44845270D5C3E00B7A1B9 /* LaunchScreen.storyboard in Resources */ = {isa = PBXBuildFile; fileRef = 84B44843270D5C3E00B7A1B9 /* LaunchScreen.storyboard */; };
		84B44850270D5C3F00B7A1B9 /* DataEntrySampleTests.swift in Sources */ = {isa = PBXBuildFile; fileRef = 84B4484F270D5C3F00B7A1B9 /* DataEntrySampleTests.swift */; };
		84B4485B270D5C3F00B7A1B9 /* DataEntrySampleUITests.swift in Sources */ = {isa = PBXBuildFile; fileRef = 84B4485A270D5C3F00B7A1B9 /* DataEntrySampleUITests.swift */; };
		84B44878270D63B900B7A1B9 /* ViewHelper.swift in Sources */ = {isa = PBXBuildFile; fileRef = 84B44877270D63B900B7A1B9 /* ViewHelper.swift */; };
		84B44880270D651500B7A1B9 /* UserModel.swift in Sources */ = {isa = PBXBuildFile; fileRef = 84B4487F270D651500B7A1B9 /* UserModel.swift */; };
		84B44885270D740900B7A1B9 /* RegisterVC.swift in Sources */ = {isa = PBXBuildFile; fileRef = 84B44884270D740900B7A1B9 /* RegisterVC.swift */; };
		84B4488D270D741F00B7A1B9 /* RegistrationListVC.swift in Sources */ = {isa = PBXBuildFile; fileRef = 84B4488C270D741F00B7A1B9 /* RegistrationListVC.swift */; };
		84B44895270D753700B7A1B9 /* HomeVC.swift in Sources */ = {isa = PBXBuildFile; fileRef = 84B44894270D753700B7A1B9 /* HomeVC.swift */; };
		84B448C6270D82B400B7A1B9 /* RegisterListCell.swift in Sources */ = {isa = PBXBuildFile; fileRef = 84B448C5270D82B400B7A1B9 /* RegisterListCell.swift */; };
		84B448CE270D83AD00B7A1B9 /* RegisterListCell.xib in Resources */ = {isa = PBXBuildFile; fileRef = 84B448CD270D83AD00B7A1B9 /* RegisterListCell.xib */; };
		F3C848BCA6B24F94D063AC64 /* Pods_DataEntrySample_DataEntrySampleUITests.framework in Frameworks */ = {isa = PBXBuildFile; fileRef = FDB0799E0A79DCA3C44282ED /* Pods_DataEntrySample_DataEntrySampleUITests.framework */; };
/* End PBXBuildFile section */

/* Begin PBXContainerItemProxy section */
		84B4484C270D5C3F00B7A1B9 /* PBXContainerItemProxy */ = {
			isa = PBXContainerItemProxy;
			containerPortal = 84B4482D270D5C3C00B7A1B9 /* Project object */;
			proxyType = 1;
			remoteGlobalIDString = 84B44834270D5C3C00B7A1B9;
			remoteInfo = DataEntrySample;
		};
		84B44857270D5C3F00B7A1B9 /* PBXContainerItemProxy */ = {
			isa = PBXContainerItemProxy;
			containerPortal = 84B4482D270D5C3C00B7A1B9 /* Project object */;
			proxyType = 1;
			remoteGlobalIDString = 84B44834270D5C3C00B7A1B9;
			remoteInfo = DataEntrySample;
		};
/* End PBXContainerItemProxy section */

/* Begin PBXFileReference section */
		4880FF8679B64093074863A8 /* Pods-DataEntrySample.release.xcconfig */ = {isa = PBXFileReference; includeInIndex = 1; lastKnownFileType = text.xcconfig; name = "Pods-DataEntrySample.release.xcconfig"; path = "Target Support Files/Pods-DataEntrySample/Pods-DataEntrySample.release.xcconfig"; sourceTree = "<group>"; };
		7945867F62F019747678EED6 /* Pods-DataEntrySample-DataEntrySampleUITests.release.xcconfig */ = {isa = PBXFileReference; includeInIndex = 1; lastKnownFileType = text.xcconfig; name = "Pods-DataEntrySample-DataEntrySampleUITests.release.xcconfig"; path = "Target Support Files/Pods-DataEntrySample-DataEntrySampleUITests/Pods-DataEntrySample-DataEntrySampleUITests.release.xcconfig"; sourceTree = "<group>"; };
		84B44835270D5C3C00B7A1B9 /* DataEntrySample.app */ = {isa = PBXFileReference; explicitFileType = wrapper.application; includeInIndex = 0; path = DataEntrySample.app; sourceTree = BUILT_PRODUCTS_DIR; };
		84B44838270D5C3C00B7A1B9 /* AppDelegate.swift */ = {isa = PBXFileReference; lastKnownFileType = sourcecode.swift; path = AppDelegate.swift; sourceTree = "<group>"; };
		84B4483A270D5C3C00B7A1B9 /* SceneDelegate.swift */ = {isa = PBXFileReference; lastKnownFileType = sourcecode.swift; path = SceneDelegate.swift; sourceTree = "<group>"; };
		84B4483F270D5C3C00B7A1B9 /* Base */ = {isa = PBXFileReference; lastKnownFileType = file.storyboard; name = Base; path = Base.lproj/Main.storyboard; sourceTree = "<group>"; };
		84B44841270D5C3E00B7A1B9 /* Assets.xcassets */ = {isa = PBXFileReference; lastKnownFileType = folder.assetcatalog; path = Assets.xcassets; sourceTree = "<group>"; };
		84B44844270D5C3E00B7A1B9 /* Base */ = {isa = PBXFileReference; lastKnownFileType = file.storyboard; name = Base; path = Base.lproj/LaunchScreen.storyboard; sourceTree = "<group>"; };
		84B44846270D5C3E00B7A1B9 /* Info.plist */ = {isa = PBXFileReference; lastKnownFileType = text.plist.xml; path = Info.plist; sourceTree = "<group>"; };
		84B4484B270D5C3F00B7A1B9 /* DataEntrySampleTests.xctest */ = {isa = PBXFileReference; explicitFileType = wrapper.cfbundle; includeInIndex = 0; path = DataEntrySampleTests.xctest; sourceTree = BUILT_PRODUCTS_DIR; };
		84B4484F270D5C3F00B7A1B9 /* DataEntrySampleTests.swift */ = {isa = PBXFileReference; lastKnownFileType = sourcecode.swift; path = DataEntrySampleTests.swift; sourceTree = "<group>"; };
		84B44851270D5C3F00B7A1B9 /* Info.plist */ = {isa = PBXFileReference; lastKnownFileType = text.plist.xml; path = Info.plist; sourceTree = "<group>"; };
		84B44856270D5C3F00B7A1B9 /* DataEntrySampleUITests.xctest */ = {isa = PBXFileReference; explicitFileType = wrapper.cfbundle; includeInIndex = 0; path = DataEntrySampleUITests.xctest; sourceTree = BUILT_PRODUCTS_DIR; };
		84B4485A270D5C3F00B7A1B9 /* DataEntrySampleUITests.swift */ = {isa = PBXFileReference; lastKnownFileType = sourcecode.swift; path = DataEntrySampleUITests.swift; sourceTree = "<group>"; };
		84B4485C270D5C3F00B7A1B9 /* Info.plist */ = {isa = PBXFileReference; lastKnownFileType = text.plist.xml; path = Info.plist; sourceTree = "<group>"; };
		84B44877270D63B900B7A1B9 /* ViewHelper.swift */ = {isa = PBXFileReference; lastKnownFileType = sourcecode.swift; path = ViewHelper.swift; sourceTree = "<group>"; };
		84B4487F270D651500B7A1B9 /* UserModel.swift */ = {isa = PBXFileReference; lastKnownFileType = sourcecode.swift; path = UserModel.swift; sourceTree = "<group>"; };
		84B44884270D740900B7A1B9 /* RegisterVC.swift */ = {isa = PBXFileReference; lastKnownFileType = sourcecode.swift; path = RegisterVC.swift; sourceTree = "<group>"; };
		84B4488C270D741F00B7A1B9 /* RegistrationListVC.swift */ = {isa = PBXFileReference; lastKnownFileType = sourcecode.swift; path = RegistrationListVC.swift; sourceTree = "<group>"; };
		84B44894270D753700B7A1B9 /* HomeVC.swift */ = {isa = PBXFileReference; lastKnownFileType = sourcecode.swift; path = HomeVC.swift; sourceTree = "<group>"; };
		84B448C5270D82B400B7A1B9 /* RegisterListCell.swift */ = {isa = PBXFileReference; lastKnownFileType = sourcecode.swift; path = RegisterListCell.swift; sourceTree = "<group>"; };
		84B448CD270D83AD00B7A1B9 /* RegisterListCell.xib */ = {isa = PBXFileReference; lastKnownFileType = file.xib; path = RegisterListCell.xib; sourceTree = "<group>"; };
		AD138F43DCAC434D31D8D9FA /* Pods_DataEntrySample.framework */ = {isa = PBXFileReference; explicitFileType = wrapper.framework; includeInIndex = 0; path = Pods_DataEntrySample.framework; sourceTree = BUILT_PRODUCTS_DIR; };
		B7A222A0ABA920F582CC55A3 /* Pods_DataEntrySampleTests.framework */ = {isa = PBXFileReference; explicitFileType = wrapper.framework; includeInIndex = 0; path = Pods_DataEntrySampleTests.framework; sourceTree = BUILT_PRODUCTS_DIR; };
		D58900473C77D015B03ABF28 /* Pods-DataEntrySample.debug.xcconfig */ = {isa = PBXFileReference; includeInIndex = 1; lastKnownFileType = text.xcconfig; name = "Pods-DataEntrySample.debug.xcconfig"; path = "Target Support Files/Pods-DataEntrySample/Pods-DataEntrySample.debug.xcconfig"; sourceTree = "<group>"; };
		D88B53E01AAFEFFE9DBF461F /* Pods-DataEntrySampleTests.debug.xcconfig */ = {isa = PBXFileReference; includeInIndex = 1; lastKnownFileType = text.xcconfig; name = "Pods-DataEntrySampleTests.debug.xcconfig"; path = "Target Support Files/Pods-DataEntrySampleTests/Pods-DataEntrySampleTests.debug.xcconfig"; sourceTree = "<group>"; };
		DF5FA80C6169F07CC940FC4C /* Pods-DataEntrySampleTests.release.xcconfig */ = {isa = PBXFileReference; includeInIndex = 1; lastKnownFileType = text.xcconfig; name = "Pods-DataEntrySampleTests.release.xcconfig"; path = "Target Support Files/Pods-DataEntrySampleTests/Pods-DataEntrySampleTests.release.xcconfig"; sourceTree = "<group>"; };
		E8F10A171C2DFF384E79B800 /* Pods-DataEntrySample-DataEntrySampleUITests.debug.xcconfig */ = {isa = PBXFileReference; includeInIndex = 1; lastKnownFileType = text.xcconfig; name = "Pods-DataEntrySample-DataEntrySampleUITests.debug.xcconfig"; path = "Target Support Files/Pods-DataEntrySample-DataEntrySampleUITests/Pods-DataEntrySample-DataEntrySampleUITests.debug.xcconfig"; sourceTree = "<group>"; };
		FDB0799E0A79DCA3C44282ED /* Pods_DataEntrySample_DataEntrySampleUITests.framework */ = {isa = PBXFileReference; explicitFileType = wrapper.framework; includeInIndex = 0; path = Pods_DataEntrySample_DataEntrySampleUITests.framework; sourceTree = BUILT_PRODUCTS_DIR; };
/* End PBXFileReference section */

/* Begin PBXFrameworksBuildPhase section */
		84B44832270D5C3C00B7A1B9 /* Frameworks */ = {
			isa = PBXFrameworksBuildPhase;
			buildActionMask = 2147483647;
			files = (
				2394D40EF39976B950FCB66A /* Pods_DataEntrySample.framework in Frameworks */,
			);
			runOnlyForDeploymentPostprocessing = 0;
		};
		84B44848270D5C3F00B7A1B9 /* Frameworks */ = {
			isa = PBXFrameworksBuildPhase;
			buildActionMask = 2147483647;
			files = (
				1B364AD2CEFB52F860D448D9 /* Pods_DataEntrySampleTests.framework in Frameworks */,
			);
			runOnlyForDeploymentPostprocessing = 0;
		};
		84B44853270D5C3F00B7A1B9 /* Frameworks */ = {
			isa = PBXFrameworksBuildPhase;
			buildActionMask = 2147483647;
			files = (
				F3C848BCA6B24F94D063AC64 /* Pods_DataEntrySample_DataEntrySampleUITests.framework in Frameworks */,
			);
			runOnlyForDeploymentPostprocessing = 0;
		};
/* End PBXFrameworksBuildPhase section */

/* Begin PBXGroup section */
		41FBCC41507198A064FD9C70 /* Frameworks */ = {
			isa = PBXGroup;
			children = (
				AD138F43DCAC434D31D8D9FA /* Pods_DataEntrySample.framework */,
				FDB0799E0A79DCA3C44282ED /* Pods_DataEntrySample_DataEntrySampleUITests.framework */,
				B7A222A0ABA920F582CC55A3 /* Pods_DataEntrySampleTests.framework */,
			);
			name = Frameworks;
			sourceTree = "<group>";
		};
		84B4482C270D5C3C00B7A1B9 = {
			isa = PBXGroup;
			children = (
				84B44837270D5C3C00B7A1B9 /* DataEntrySample */,
				84B4484E270D5C3F00B7A1B9 /* DataEntrySampleTests */,
				84B44859270D5C3F00B7A1B9 /* DataEntrySampleUITests */,
				84B44836270D5C3C00B7A1B9 /* Products */,
				D37AADA2BDF7952DFE87E0EB /* Pods */,
				41FBCC41507198A064FD9C70 /* Frameworks */,
			);
			sourceTree = "<group>";
		};
		84B44836270D5C3C00B7A1B9 /* Products */ = {
			isa = PBXGroup;
			children = (
				84B44835270D5C3C00B7A1B9 /* DataEntrySample.app */,
				84B4484B270D5C3F00B7A1B9 /* DataEntrySampleTests.xctest */,
				84B44856270D5C3F00B7A1B9 /* DataEntrySampleUITests.xctest */,
			);
			name = Products;
			sourceTree = "<group>";
		};
		84B44837270D5C3C00B7A1B9 /* DataEntrySample */ = {
			isa = PBXGroup;
			children = (
				84B44876270D635D00B7A1B9 /* Controllres */,
				84B44875270D634E00B7A1B9 /* Models */,
				84B44873270D633E00B7A1B9 /* Helpers */,
				84B44838270D5C3C00B7A1B9 /* AppDelegate.swift */,
				84B4483A270D5C3C00B7A1B9 /* SceneDelegate.swift */,
				84B4483E270D5C3C00B7A1B9 /* Main.storyboard */,
				84B44841270D5C3E00B7A1B9 /* Assets.xcassets */,
				84B44843270D5C3E00B7A1B9 /* LaunchScreen.storyboard */,
				84B44846270D5C3E00B7A1B9 /* Info.plist */,
			);
			path = DataEntrySample;
			sourceTree = "<group>";
		};
		84B4484E270D5C3F00B7A1B9 /* DataEntrySampleTests */ = {
			isa = PBXGroup;
			children = (
				84B4484F270D5C3F00B7A1B9 /* DataEntrySampleTests.swift */,
				84B44851270D5C3F00B7A1B9 /* Info.plist */,
			);
			path = DataEntrySampleTests;
			sourceTree = "<group>";
		};
		84B44859270D5C3F00B7A1B9 /* DataEntrySampleUITests */ = {
			isa = PBXGroup;
			children = (
				84B4485A270D5C3F00B7A1B9 /* DataEntrySampleUITests.swift */,
				84B4485C270D5C3F00B7A1B9 /* Info.plist */,
			);
			path = DataEntrySampleUITests;
			sourceTree = "<group>";
		};
		84B44873270D633E00B7A1B9 /* Helpers */ = {
			isa = PBXGroup;
			children = (
				84B448BF270D828300B7A1B9 /* StoryBoardHelper */,
				84B44877270D63B900B7A1B9 /* ViewHelper.swift */,
			);
			path = Helpers;
			sourceTree = "<group>";
		};
		84B44875270D634E00B7A1B9 /* Models */ = {
			isa = PBXGroup;
			children = (
				84B4487F270D651500B7A1B9 /* UserModel.swift */,
			);
			path = Models;
			sourceTree = "<group>";
		};
		84B44876270D635D00B7A1B9 /* Controllres */ = {
			isa = PBXGroup;
			children = (
				84B44884270D740900B7A1B9 /* RegisterVC.swift */,
				84B4488C270D741F00B7A1B9 /* RegistrationListVC.swift */,
				84B44894270D753700B7A1B9 /* HomeVC.swift */,
			);
			path = Controllres;
			sourceTree = "<group>";
		};
		84B448BF270D828300B7A1B9 /* StoryBoardHelper */ = {
			isa = PBXGroup;
			children = (
				84B448C5270D82B400B7A1B9 /* RegisterListCell.swift */,
				84B448CD270D83AD00B7A1B9 /* RegisterListCell.xib */,
			);
			path = StoryBoardHelper;
			sourceTree = "<group>";
		};
		D37AADA2BDF7952DFE87E0EB /* Pods */ = {
			isa = PBXGroup;
			children = (
				D58900473C77D015B03ABF28 /* Pods-DataEntrySample.debug.xcconfig */,
				4880FF8679B64093074863A8 /* Pods-DataEntrySample.release.xcconfig */,
				E8F10A171C2DFF384E79B800 /* Pods-DataEntrySample-DataEntrySampleUITests.debug.xcconfig */,
				7945867F62F019747678EED6 /* Pods-DataEntrySample-DataEntrySampleUITests.release.xcconfig */,
				D88B53E01AAFEFFE9DBF461F /* Pods-DataEntrySampleTests.debug.xcconfig */,
				DF5FA80C6169F07CC940FC4C /* Pods-DataEntrySampleTests.release.xcconfig */,
			);
			path = Pods;
			sourceTree = "<group>";
		};
/* End PBXGroup section */

/* Begin PBXNativeTarget section */
		84B44834270D5C3C00B7A1B9 /* DataEntrySample */ = {
			isa = PBXNativeTarget;
			buildConfigurationList = 84B4485F270D5C3F00B7A1B9 /* Build configuration list for PBXNativeTarget "DataEntrySample" */;
			buildPhases = (
				B2C8261CDEE5DF3733A0C1E7 /* [CP] Check Pods Manifest.lock */,
				84B44831270D5C3C00B7A1B9 /* Sources */,
				84B44832270D5C3C00B7A1B9 /* Frameworks */,
				84B44833270D5C3C00B7A1B9 /* Resources */,
				ECB820A7A38CF2F32028BED7 /* [CP] Embed Pods Frameworks */,
			);
			buildRules = (
			);
			dependencies = (
			);
			name = DataEntrySample;
			productName = DataEntrySample;
			productReference = 84B44835270D5C3C00B7A1B9 /* DataEntrySample.app */;
			productType = "com.apple.product-type.application";
		};
		84B4484A270D5C3F00B7A1B9 /* DataEntrySampleTests */ = {
			isa = PBXNativeTarget;
			buildConfigurationList = 84B44862270D5C3F00B7A1B9 /* Build configuration list for PBXNativeTarget "DataEntrySampleTests" */;
			buildPhases = (
				AF417F36DBD6BB2AA81C65A9 /* [CP] Check Pods Manifest.lock */,
				84B44847270D5C3F00B7A1B9 /* Sources */,
				84B44848270D5C3F00B7A1B9 /* Frameworks */,
				84B44849270D5C3F00B7A1B9 /* Resources */,
			);
			buildRules = (
			);
			dependencies = (
				84B4484D270D5C3F00B7A1B9 /* PBXTargetDependency */,
			);
			name = DataEntrySampleTests;
			productName = DataEntrySampleTests;
			productReference = 84B4484B270D5C3F00B7A1B9 /* DataEntrySampleTests.xctest */;
			productType = "com.apple.product-type.bundle.unit-test";
		};
		84B44855270D5C3F00B7A1B9 /* DataEntrySampleUITests */ = {
			isa = PBXNativeTarget;
			buildConfigurationList = 84B44865270D5C3F00B7A1B9 /* Build configuration list for PBXNativeTarget "DataEntrySampleUITests" */;
			buildPhases = (
				C829CA92F67C4973DA9243B5 /* [CP] Check Pods Manifest.lock */,
				84B44852270D5C3F00B7A1B9 /* Sources */,
				84B44853270D5C3F00B7A1B9 /* Frameworks */,
				84B44854270D5C3F00B7A1B9 /* Resources */,
				68D5E586E0B5055274D71133 /* [CP] Embed Pods Frameworks */,
			);
			buildRules = (
			);
			dependencies = (
				84B44858270D5C3F00B7A1B9 /* PBXTargetDependency */,
			);
			name = DataEntrySampleUITests;
			productName = DataEntrySampleUITests;
			productReference = 84B44856270D5C3F00B7A1B9 /* DataEntrySampleUITests.xctest */;
			productType = "com.apple.product-type.bundle.ui-testing";
		};
/* End PBXNativeTarget section */

/* Begin PBXProject section */
		84B4482D270D5C3C00B7A1B9 /* Project object */ = {
			isa = PBXProject;
			attributes = {
				LastSwiftUpdateCheck = 1210;
				LastUpgradeCheck = 1210;
				TargetAttributes = {
					84B44834270D5C3C00B7A1B9 = {
						CreatedOnToolsVersion = 12.1;
					};
					84B4484A270D5C3F00B7A1B9 = {
						CreatedOnToolsVersion = 12.1;
						TestTargetID = 84B44834270D5C3C00B7A1B9;
					};
					84B44855270D5C3F00B7A1B9 = {
						CreatedOnToolsVersion = 12.1;
						TestTargetID = 84B44834270D5C3C00B7A1B9;
					};
				};
			};
			buildConfigurationList = 84B44830270D5C3C00B7A1B9 /* Build configuration list for PBXProject "DataEntrySample" */;
			compatibilityVersion = "Xcode 9.3";
			developmentRegion = en;
			hasScannedForEncodings = 0;
			knownRegions = (
				en,
				Base,
			);
			mainGroup = 84B4482C270D5C3C00B7A1B9;
			productRefGroup = 84B44836270D5C3C00B7A1B9 /* Products */;
			projectDirPath = "";
			projectRoot = "";
			targets = (
				84B44834270D5C3C00B7A1B9 /* DataEntrySample */,
				84B4484A270D5C3F00B7A1B9 /* DataEntrySampleTests */,
				84B44855270D5C3F00B7A1B9 /* DataEntrySampleUITests */,
			);
		};
/* End PBXProject section */

/* Begin PBXResourcesBuildPhase section */
		84B44833270D5C3C00B7A1B9 /* Resources */ = {
			isa = PBXResourcesBuildPhase;
			buildActionMask = 2147483647;
			files = (
				84B44845270D5C3E00B7A1B9 /* LaunchScreen.storyboard in Resources */,
				84B44842270D5C3E00B7A1B9 /* Assets.xcassets in Resources */,
				84B448CE270D83AD00B7A1B9 /* RegisterListCell.xib in Resources */,
				84B44840270D5C3C00B7A1B9 /* Main.storyboard in Resources */,
			);
			runOnlyForDeploymentPostprocessing = 0;
		};
		84B44849270D5C3F00B7A1B9 /* Resources */ = {
			isa = PBXResourcesBuildPhase;
			buildActionMask = 2147483647;
			files = (
			);
			runOnlyForDeploymentPostprocessing = 0;
		};
		84B44854270D5C3F00B7A1B9 /* Resources */ = {
			isa = PBXResourcesBuildPhase;
			buildActionMask = 2147483647;
			files = (
			);
			runOnlyForDeploymentPostprocessing = 0;
		};
/* End PBXResourcesBuildPhase section */

/* Begin PBXShellScriptBuildPhase section */
		68D5E586E0B5055274D71133 /* [CP] Embed Pods Frameworks */ = {
			isa = PBXShellScriptBuildPhase;
			buildActionMask = 2147483647;
			files = (
			);
			inputFileListPaths = (
				"${PODS_ROOT}/Target Support Files/Pods-DataEntrySample-DataEntrySampleUITests/Pods-DataEntrySample-DataEntrySampleUITests-frameworks-${CONFIGURATION}-input-files.xcfilelist",
			);
			name = "[CP] Embed Pods Frameworks";
			outputFileListPaths = (
				"${PODS_ROOT}/Target Support Files/Pods-DataEntrySample-DataEntrySampleUITests/Pods-DataEntrySample-DataEntrySampleUITests-frameworks-${CONFIGURATION}-output-files.xcfilelist",
			);
			runOnlyForDeploymentPostprocessing = 0;
			shellPath = /bin/sh;
			shellScript = "\"${PODS_ROOT}/Target Support Files/Pods-DataEntrySample-DataEntrySampleUITests/Pods-DataEntrySample-DataEntrySampleUITests-frameworks.sh\"\n";
			showEnvVarsInLog = 0;
		};
		AF417F36DBD6BB2AA81C65A9 /* [CP] Check Pods Manifest.lock */ = {
			isa = PBXShellScriptBuildPhase;
			buildActionMask = 2147483647;
			files = (
			);
			inputFileListPaths = (
			);
			inputPaths = (
				"${PODS_PODFILE_DIR_PATH}/Podfile.lock",
				"${PODS_ROOT}/Manifest.lock",
			);
			name = "[CP] Check Pods Manifest.lock";
			outputFileListPaths = (
			);
			outputPaths = (
				"$(DERIVED_FILE_DIR)/Pods-DataEntrySampleTests-checkManifestLockResult.txt",
			);
			runOnlyForDeploymentPostprocessing = 0;
			shellPath = /bin/sh;
			shellScript = "diff \"${PODS_PODFILE_DIR_PATH}/Podfile.lock\" \"${PODS_ROOT}/Manifest.lock\" > /dev/null\nif [ $? != 0 ] ; then\n    # print error to STDERR\n    echo \"error: The sandbox is not in sync with the Podfile.lock. Run 'pod install' or update your CocoaPods installation.\" >&2\n    exit 1\nfi\n# This output is used by Xcode 'outputs' to avoid re-running this script phase.\necho \"SUCCESS\" > \"${SCRIPT_OUTPUT_FILE_0}\"\n";
			showEnvVarsInLog = 0;
		};
		B2C8261CDEE5DF3733A0C1E7 /* [CP] Check Pods Manifest.lock */ = {
			isa = PBXShellScriptBuildPhase;
			buildActionMask = 2147483647;
			files = (
			);
			inputFileListPaths = (
			);
			inputPaths = (
				"${PODS_PODFILE_DIR_PATH}/Podfile.lock",
				"${PODS_ROOT}/Manifest.lock",
			);
			name = "[CP] Check Pods Manifest.lock";
			outputFileListPaths = (
			);
			outputPaths = (
				"$(DERIVED_FILE_DIR)/Pods-DataEntrySample-checkManifestLockResult.txt",
			);
			runOnlyForDeploymentPostprocessing = 0;
			shellPath = /bin/sh;
			shellScript = "diff \"${PODS_PODFILE_DIR_PATH}/Podfile.lock\" \"${PODS_ROOT}/Manifest.lock\" > /dev/null\nif [ $? != 0 ] ; then\n    # print error to STDERR\n    echo \"error: The sandbox is not in sync with the Podfile.lock. Run 'pod install' or update your CocoaPods installation.\" >&2\n    exit 1\nfi\n# This output is used by Xcode 'outputs' to avoid re-running this script phase.\necho \"SUCCESS\" > \"${SCRIPT_OUTPUT_FILE_0}\"\n";
			showEnvVarsInLog = 0;
		};
		C829CA92F67C4973DA9243B5 /* [CP] Check Pods Manifest.lock */ = {
			isa = PBXShellScriptBuildPhase;
			buildActionMask = 2147483647;
			files = (
			);
			inputFileListPaths = (
			);
			inputPaths = (
				"${PODS_PODFILE_DIR_PATH}/Podfile.lock",
				"${PODS_ROOT}/Manifest.lock",
			);
			name = "[CP] Check Pods Manifest.lock";
			outputFileListPaths = (
			);
			outputPaths = (
				"$(DERIVED_FILE_DIR)/Pods-DataEntrySample-DataEntrySampleUITests-checkManifestLockResult.txt",
			);
			runOnlyForDeploymentPostprocessing = 0;
			shellPath = /bin/sh;
			shellScript = "diff \"${PODS_PODFILE_DIR_PATH}/Podfile.lock\" \"${PODS_ROOT}/Manifest.lock\" > /dev/null\nif [ $? != 0 ] ; then\n    # print error to STDERR\n    echo \"error: The sandbox is not in sync with the Podfile.lock. Run 'pod install' or update your CocoaPods installation.\" >&2\n    exit 1\nfi\n# This output is used by Xcode 'outputs' to avoid re-running this script phase.\necho \"SUCCESS\" > \"${SCRIPT_OUTPUT_FILE_0}\"\n";
			showEnvVarsInLog = 0;
		};
		ECB820A7A38CF2F32028BED7 /* [CP] Embed Pods Frameworks */ = {
			isa = PBXShellScriptBuildPhase;
			buildActionMask = 2147483647;
			files = (
			);
			inputFileListPaths = (
				"${PODS_ROOT}/Target Support Files/Pods-DataEntrySample/Pods-DataEntrySample-frameworks-${CONFIGURATION}-input-files.xcfilelist",
			);
			name = "[CP] Embed Pods Frameworks";
			outputFileListPaths = (
				"${PODS_ROOT}/Target Support Files/Pods-DataEntrySample/Pods-DataEntrySample-frameworks-${CONFIGURATION}-output-files.xcfilelist",
			);
			runOnlyForDeploymentPostprocessing = 0;
			shellPath = /bin/sh;
			shellScript = "\"${PODS_ROOT}/Target Support Files/Pods-DataEntrySample/Pods-DataEntrySample-frameworks.sh\"\n";
			showEnvVarsInLog = 0;
		};
/* End PBXShellScriptBuildPhase section */

/* Begin PBXSourcesBuildPhase section */
		84B44831270D5C3C00B7A1B9 /* Sources */ = {
			isa = PBXSourcesBuildPhase;
			buildActionMask = 2147483647;
			files = (
				84B44895270D753700B7A1B9 /* HomeVC.swift in Sources */,
				84B4488D270D741F00B7A1B9 /* RegistrationListVC.swift in Sources */,
				84B448C6270D82B400B7A1B9 /* RegisterListCell.swift in Sources */,
				84B44839270D5C3C00B7A1B9 /* AppDelegate.swift in Sources */,
				84B44878270D63B900B7A1B9 /* ViewHelper.swift in Sources */,
				84B44885270D740900B7A1B9 /* RegisterVC.swift in Sources */,
				84B44880270D651500B7A1B9 /* UserModel.swift in Sources */,
				84B4483B270D5C3C00B7A1B9 /* SceneDelegate.swift in Sources */,
			);
			runOnlyForDeploymentPostprocessing = 0;
		};
		84B44847270D5C3F00B7A1B9 /* Sources */ = {
			isa = PBXSourcesBuildPhase;
			buildActionMask = 2147483647;
			files = (
				84B44850270D5C3F00B7A1B9 /* DataEntrySampleTests.swift in Sources */,
			);
			runOnlyForDeploymentPostprocessing = 0;
		};
		84B44852270D5C3F00B7A1B9 /* Sources */ = {
			isa = PBXSourcesBuildPhase;
			buildActionMask = 2147483647;
			files = (
				84B4485B270D5C3F00B7A1B9 /* DataEntrySampleUITests.swift in Sources */,
			);
			runOnlyForDeploymentPostprocessing = 0;
		};
/* End PBXSourcesBuildPhase section */

/* Begin PBXTargetDependency section */
		84B4484D270D5C3F00B7A1B9 /* PBXTargetDependency */ = {
			isa = PBXTargetDependency;
			target = 84B44834270D5C3C00B7A1B9 /* DataEntrySample */;
			targetProxy = 84B4484C270D5C3F00B7A1B9 /* PBXContainerItemProxy */;
		};
		84B44858270D5C3F00B7A1B9 /* PBXTargetDependency */ = {
			isa = PBXTargetDependency;
			target = 84B44834270D5C3C00B7A1B9 /* DataEntrySample */;
			targetProxy = 84B44857270D5C3F00B7A1B9 /* PBXContainerItemProxy */;
		};
/* End PBXTargetDependency section */

/* Begin PBXVariantGroup section */
		84B4483E270D5C3C00B7A1B9 /* Main.storyboard */ = {
			isa = PBXVariantGroup;
			children = (
				84B4483F270D5C3C00B7A1B9 /* Base */,
			);
			name = Main.storyboard;
			sourceTree = "<group>";
		};
		84B44843270D5C3E00B7A1B9 /* LaunchScreen.storyboard */ = {
			isa = PBXVariantGroup;
			children = (
				84B44844270D5C3E00B7A1B9 /* Base */,
			);
			name = LaunchScreen.storyboard;
			sourceTree = "<group>";
		};
/* End PBXVariantGroup section */

/* Begin XCBuildConfiguration section */
		84B4485D270D5C3F00B7A1B9 /* Debug */ = {
			isa = XCBuildConfiguration;
			buildSettings = {
				ALWAYS_SEARCH_USER_PATHS = NO;
				CLANG_ANALYZER_NONNULL = YES;
				CLANG_ANALYZER_NUMBER_OBJECT_CONVERSION = YES_AGGRESSIVE;
				CLANG_CXX_LANGUAGE_STANDARD = "gnu++14";
				CLANG_CXX_LIBRARY = "libc++";
				CLANG_ENABLE_MODULES = YES;
				CLANG_ENABLE_OBJC_ARC = YES;
				CLANG_ENABLE_OBJC_WEAK = YES;
				CLANG_WARN_BLOCK_CAPTURE_AUTORELEASING = YES;
				CLANG_WARN_BOOL_CONVERSION = YES;
				CLANG_WARN_COMMA = YES;
				CLANG_WARN_CONSTANT_CONVERSION = YES;
				CLANG_WARN_DEPRECATED_OBJC_IMPLEMENTATIONS = YES;
				CLANG_WARN_DIRECT_OBJC_ISA_USAGE = YES_ERROR;
				CLANG_WARN_DOCUMENTATION_COMMENTS = YES;
				CLANG_WARN_EMPTY_BODY = YES;
				CLANG_WARN_ENUM_CONVERSION = YES;
				CLANG_WARN_INFINITE_RECURSION = YES;
				CLANG_WARN_INT_CONVERSION = YES;
				CLANG_WARN_NON_LITERAL_NULL_CONVERSION = YES;
				CLANG_WARN_OBJC_IMPLICIT_RETAIN_SELF = YES;
				CLANG_WARN_OBJC_LITERAL_CONVERSION = YES;
				CLANG_WARN_OBJC_ROOT_CLASS = YES_ERROR;
				CLANG_WARN_QUOTED_INCLUDE_IN_FRAMEWORK_HEADER = YES;
				CLANG_WARN_RANGE_LOOP_ANALYSIS = YES;
				CLANG_WARN_STRICT_PROTOTYPES = YES;
				CLANG_WARN_SUSPICIOUS_MOVE = YES;
				CLANG_WARN_UNGUARDED_AVAILABILITY = YES_AGGRESSIVE;
				CLANG_WARN_UNREACHABLE_CODE = YES;
				CLANG_WARN__DUPLICATE_METHOD_MATCH = YES;
				COPY_PHASE_STRIP = NO;
				DEBUG_INFORMATION_FORMAT = dwarf;
				ENABLE_STRICT_OBJC_MSGSEND = YES;
				ENABLE_TESTABILITY = YES;
				GCC_C_LANGUAGE_STANDARD = gnu11;
				GCC_DYNAMIC_NO_PIC = NO;
				GCC_NO_COMMON_BLOCKS = YES;
				GCC_OPTIMIZATION_LEVEL = 0;
				GCC_PREPROCESSOR_DEFINITIONS = (
					"DEBUG=1",
					"$(inherited)",
				);
				GCC_WARN_64_TO_32_BIT_CONVERSION = YES;
				GCC_WARN_ABOUT_RETURN_TYPE = YES_ERROR;
				GCC_WARN_UNDECLARED_SELECTOR = YES;
				GCC_WARN_UNINITIALIZED_AUTOS = YES_AGGRESSIVE;
				GCC_WARN_UNUSED_FUNCTION = YES;
				GCC_WARN_UNUSED_VARIABLE = YES;
				IPHONEOS_DEPLOYMENT_TARGET = 14.1;
				MTL_ENABLE_DEBUG_INFO = INCLUDE_SOURCE;
				MTL_FAST_MATH = YES;
				ONLY_ACTIVE_ARCH = YES;
				SDKROOT = iphoneos;
				SWIFT_ACTIVE_COMPILATION_CONDITIONS = DEBUG;
				SWIFT_OPTIMIZATION_LEVEL = "-Onone";
			};
			name = Debug;
		};
		84B4485E270D5C3F00B7A1B9 /* Release */ = {
			isa = XCBuildConfiguration;
			buildSettings = {
				ALWAYS_SEARCH_USER_PATHS = NO;
				CLANG_ANALYZER_NONNULL = YES;
				CLANG_ANALYZER_NUMBER_OBJECT_CONVERSION = YES_AGGRESSIVE;
				CLANG_CXX_LANGUAGE_STANDARD = "gnu++14";
				CLANG_CXX_LIBRARY = "libc++";
				CLANG_ENABLE_MODULES = YES;
				CLANG_ENABLE_OBJC_ARC = YES;
				CLANG_ENABLE_OBJC_WEAK = YES;
				CLANG_WARN_BLOCK_CAPTURE_AUTORELEASING = YES;
				CLANG_WARN_BOOL_CONVERSION = YES;
				CLANG_WARN_COMMA = YES;
				CLANG_WARN_CONSTANT_CONVERSION = YES;
				CLANG_WARN_DEPRECATED_OBJC_IMPLEMENTATIONS = YES;
				CLANG_WARN_DIRECT_OBJC_ISA_USAGE = YES_ERROR;
				CLANG_WARN_DOCUMENTATION_COMMENTS = YES;
				CLANG_WARN_EMPTY_BODY = YES;
				CLANG_WARN_ENUM_CONVERSION = YES;
				CLANG_WARN_INFINITE_RECURSION = YES;
				CLANG_WARN_INT_CONVERSION = YES;
				CLANG_WARN_NON_LITERAL_NULL_CONVERSION = YES;
				CLANG_WARN_OBJC_IMPLICIT_RETAIN_SELF = YES;
				CLANG_WARN_OBJC_LITERAL_CONVERSION = YES;
				CLANG_WARN_OBJC_ROOT_CLASS = YES_ERROR;
				CLANG_WARN_QUOTED_INCLUDE_IN_FRAMEWORK_HEADER = YES;
				CLANG_WARN_RANGE_LOOP_ANALYSIS = YES;
				CLANG_WARN_STRICT_PROTOTYPES = YES;
				CLANG_WARN_SUSPICIOUS_MOVE = YES;
				CLANG_WARN_UNGUARDED_AVAILABILITY = YES_AGGRESSIVE;
				CLANG_WARN_UNREACHABLE_CODE = YES;
				CLANG_WARN__DUPLICATE_METHOD_MATCH = YES;
				COPY_PHASE_STRIP = NO;
				DEBUG_INFORMATION_FORMAT = "dwarf-with-dsym";
				ENABLE_NS_ASSERTIONS = NO;
				ENABLE_STRICT_OBJC_MSGSEND = YES;
				GCC_C_LANGUAGE_STANDARD = gnu11;
				GCC_NO_COMMON_BLOCKS = YES;
				GCC_WARN_64_TO_32_BIT_CONVERSION = YES;
				GCC_WARN_ABOUT_RETURN_TYPE = YES_ERROR;
				GCC_WARN_UNDECLARED_SELECTOR = YES;
				GCC_WARN_UNINITIALIZED_AUTOS = YES_AGGRESSIVE;
				GCC_WARN_UNUSED_FUNCTION = YES;
				GCC_WARN_UNUSED_VARIABLE = YES;
				IPHONEOS_DEPLOYMENT_TARGET = 14.1;
				MTL_ENABLE_DEBUG_INFO = NO;
				MTL_FAST_MATH = YES;
				SDKROOT = iphoneos;
				SWIFT_COMPILATION_MODE = wholemodule;
				SWIFT_OPTIMIZATION_LEVEL = "-O";
				VALIDATE_PRODUCT = YES;
			};
			name = Release;
		};
		84B44860270D5C3F00B7A1B9 /* Debug */ = {
			isa = XCBuildConfiguration;
			baseConfigurationReference = D58900473C77D015B03ABF28 /* Pods-DataEntrySample.debug.xcconfig */;
			buildSettings = {
				ASSETCATALOG_COMPILER_APPICON_NAME = AppIcon;
				ASSETCATALOG_COMPILER_GLOBAL_ACCENT_COLOR_NAME = AccentColor;
				CODE_SIGN_STYLE = Automatic;
				DEVELOPMENT_TEAM = XUTC7QQDBV;
				INFOPLIST_FILE = DataEntrySample/Info.plist;
				LD_RUNPATH_SEARCH_PATHS = (
					"$(inherited)",
					"@executable_path/Frameworks",
				);
				PRODUCT_BUNDLE_IDENTIFIER = sanTerritory.DataEntrySample;
				PRODUCT_NAME = "$(TARGET_NAME)";
				SWIFT_VERSION = 5.0;
				TARGETED_DEVICE_FAMILY = "1,2";
			};
			name = Debug;
		};
		84B44861270D5C3F00B7A1B9 /* Release */ = {
			isa = XCBuildConfiguration;
			baseConfigurationReference = 4880FF8679B64093074863A8 /* Pods-DataEntrySample.release.xcconfig */;
			buildSettings = {
				ASSETCATALOG_COMPILER_APPICON_NAME = AppIcon;
				ASSETCATALOG_COMPILER_GLOBAL_ACCENT_COLOR_NAME = AccentColor;
				CODE_SIGN_STYLE = Automatic;
				DEVELOPMENT_TEAM = XUTC7QQDBV;
				INFOPLIST_FILE = DataEntrySample/Info.plist;
				LD_RUNPATH_SEARCH_PATHS = (
					"$(inherited)",
					"@executable_path/Frameworks",
				);
				PRODUCT_BUNDLE_IDENTIFIER = sanTerritory.DataEntrySample;
				PRODUCT_NAME = "$(TARGET_NAME)";
				SWIFT_VERSION = 5.0;
				TARGETED_DEVICE_FAMILY = "1,2";
			};
			name = Release;
		};
		84B44863270D5C3F00B7A1B9 /* Debug */ = {
			isa = XCBuildConfiguration;
			baseConfigurationReference = D88B53E01AAFEFFE9DBF461F /* Pods-DataEntrySampleTests.debug.xcconfig */;
			buildSettings = {
				ALWAYS_EMBED_SWIFT_STANDARD_LIBRARIES = YES;
				BUNDLE_LOADER = "$(TEST_HOST)";
				CODE_SIGN_STYLE = Automatic;
				DEVELOPMENT_TEAM = XUTC7QQDBV;
				INFOPLIST_FILE = DataEntrySampleTests/Info.plist;
				IPHONEOS_DEPLOYMENT_TARGET = 14.1;
				LD_RUNPATH_SEARCH_PATHS = (
					"$(inherited)",
					"@executable_path/Frameworks",
					"@loader_path/Frameworks",
				);
				PRODUCT_BUNDLE_IDENTIFIER = sanTerritory.DataEntrySampleTests;
				PRODUCT_NAME = "$(TARGET_NAME)";
				SWIFT_VERSION = 5.0;
				TARGETED_DEVICE_FAMILY = "1,2";
				TEST_HOST = "$(BUILT_PRODUCTS_DIR)/DataEntrySample.app/DataEntrySample";
			};
			name = Debug;
		};
		84B44864270D5C3F00B7A1B9 /* Release */ = {
			isa = XCBuildConfiguration;
			baseConfigurationReference = DF5FA80C6169F07CC940FC4C /* Pods-DataEntrySampleTests.release.xcconfig */;
			buildSettings = {
				ALWAYS_EMBED_SWIFT_STANDARD_LIBRARIES = YES;
				BUNDLE_LOADER = "$(TEST_HOST)";
				CODE_SIGN_STYLE = Automatic;
				DEVELOPMENT_TEAM = XUTC7QQDBV;
				INFOPLIST_FILE = DataEntrySampleTests/Info.plist;
				IPHONEOS_DEPLOYMENT_TARGET = 14.1;
				LD_RUNPATH_SEARCH_PATHS = (
					"$(inherited)",
					"@executable_path/Frameworks",
					"@loader_path/Frameworks",
				);
				PRODUCT_BUNDLE_IDENTIFIER = sanTerritory.DataEntrySampleTests;
				PRODUCT_NAME = "$(TARGET_NAME)";
				SWIFT_VERSION = 5.0;
				TARGETED_DEVICE_FAMILY = "1,2";
				TEST_HOST = "$(BUILT_PRODUCTS_DIR)/DataEntrySample.app/DataEntrySample";
			};
			name = Release;
		};
		84B44866270D5C3F00B7A1B9 /* Debug */ = {
			isa = XCBuildConfiguration;
			baseConfigurationReference = E8F10A171C2DFF384E79B800 /* Pods-DataEntrySample-DataEntrySampleUITests.debug.xcconfig */;
			buildSettings = {
				ALWAYS_EMBED_SWIFT_STANDARD_LIBRARIES = YES;
				CODE_SIGN_STYLE = Automatic;
				DEVELOPMENT_TEAM = XUTC7QQDBV;
				INFOPLIST_FILE = DataEntrySampleUITests/Info.plist;
				LD_RUNPATH_SEARCH_PATHS = (
					"$(inherited)",
					"@executable_path/Frameworks",
					"@loader_path/Frameworks",
				);
				PRODUCT_BUNDLE_IDENTIFIER = sanTerritory.DataEntrySampleUITests;
				PRODUCT_NAME = "$(TARGET_NAME)";
				SWIFT_VERSION = 5.0;
				TARGETED_DEVICE_FAMILY = "1,2";
				TEST_TARGET_NAME = DataEntrySample;
			};
			name = Debug;
		};
		84B44867270D5C3F00B7A1B9 /* Release */ = {
			isa = XCBuildConfiguration;
			baseConfigurationReference = 7945867F62F019747678EED6 /* Pods-DataEntrySample-DataEntrySampleUITests.release.xcconfig */;
			buildSettings = {
				ALWAYS_EMBED_SWIFT_STANDARD_LIBRARIES = YES;
				CODE_SIGN_STYLE = Automatic;
				DEVELOPMENT_TEAM = XUTC7QQDBV;
				INFOPLIST_FILE = DataEntrySampleUITests/Info.plist;
				LD_RUNPATH_SEARCH_PATHS = (
					"$(inherited)",
					"@executable_path/Frameworks",
					"@loader_path/Frameworks",
				);
				PRODUCT_BUNDLE_IDENTIFIER = sanTerritory.DataEntrySampleUITests;
				PRODUCT_NAME = "$(TARGET_NAME)";
				SWIFT_VERSION = 5.0;
				TARGETED_DEVICE_FAMILY = "1,2";
				TEST_TARGET_NAME = DataEntrySample;
			};
			name = Release;
		};
/* End XCBuildConfiguration section */

/* Begin XCConfigurationList section */
		84B44830270D5C3C00B7A1B9 /* Build configuration list for PBXProject "DataEntrySample" */ = {
			isa = XCConfigurationList;
			buildConfigurations = (
				84B4485D270D5C3F00B7A1B9 /* Debug */,
				84B4485E270D5C3F00B7A1B9 /* Release */,
			);
			defaultConfigurationIsVisible = 0;
			defaultConfigurationName = Release;
		};
		84B4485F270D5C3F00B7A1B9 /* Build configuration list for PBXNativeTarget "DataEntrySample" */ = {
			isa = XCConfigurationList;
			buildConfigurations = (
				84B44860270D5C3F00B7A1B9 /* Debug */,
				84B44861270D5C3F00B7A1B9 /* Release */,
			);
			defaultConfigurationIsVisible = 0;
			defaultConfigurationName = Release;
		};
		84B44862270D5C3F00B7A1B9 /* Build configuration list for PBXNativeTarget "DataEntrySampleTests" */ = {
			isa = XCConfigurationList;
			buildConfigurations = (
				84B44863270D5C3F00B7A1B9 /* Debug */,
				84B44864270D5C3F00B7A1B9 /* Release */,
			);
			defaultConfigurationIsVisible = 0;
			defaultConfigurationName = Release;
		};
		84B44865270D5C3F00B7A1B9 /* Build configuration list for PBXNativeTarget "DataEntrySampleUITests" */ = {
			isa = XCConfigurationList;
			buildConfigurations = (
				84B44866270D5C3F00B7A1B9 /* Debug */,
				84B44867270D5C3F00B7A1B9 /* Release */,
			);
			defaultConfigurationIsVisible = 0;
			defaultConfigurationName = Release;
		};
/* End XCConfigurationList section */
	};
	rootObject = 84B4482D270D5C3C00B7A1B9 /* Project object */;
}
